
Microsoft Visual Studio Solution File, Format Version 12.00
# Visual Studio Version 18
VisualStudioVersion = 18.4.11620.152
MinimumVisualStudioVersion = 10.0.40219.1
Project("{2150E333-8FDC-42A3-9474-1A3956D46DE8}") = "src", "src", "{A0000001-0000-0000-0000-000000000001}"
EndProject
Project("{2150E333-8FDC-42A3-9474-1A3956D46DE8}") = "Host", "Host", "{A0000002-0000-0000-0000-000000000002}"
EndProject
Project("{2150E333-8FDC-42A3-9474-1A3956D46DE8}") = "Modules", "Modules", "{A0000003-0000-0000-0000-000000000003}"
EndProject
Project("{2150E333-8FDC-42A3-9474-1A3956D46DE8}") = "Shared", "Shared", "{A0000004-0000-0000-0000-000000000004}"
EndProject
Project("{2150E333-8FDC-42A3-9474-1A3956D46DE8}") = "Identity", "Identity", "{A0000010-0000-0000-0000-000000000010}"
EndProject
Project("{2150E333-8FDC-42A3-9474-1A3956D46DE8}") = "Notifications", "Notifications", "{A0000030-0000-0000-0000-000000000030}"
EndProject
Project("{2150E333-8FDC-42A3-9474-1A3956D46DE8}") = "tests", "tests", "{A0000005-0000-0000-0000-000000000005}"
EndProject
Project("{2150E333-8FDC-42A3-9474-1A3956D46DE8}") = "Solution Items", "Solution Items", "{A0000006-0000-0000-0000-000000000006}"
	ProjectSection(SolutionItems) = preProject
		Directory.Build.props = Directory.Build.props
		Directory.Packages.props = Directory.Packages.props
		README.md = README.md
	EndProjectSection
EndProject
Project("{FAE04EC0-301F-11D3-BF4B-00C04F79EFBC}") = "Learnexia.Host", "src\Host\Learnexia.Host\Learnexia.Host.csproj", "{B0000001-0000-0000-0000-000000000001}"
EndProject
Project("{FAE04EC0-301F-11D3-BF4B-00C04F79EFBC}") = "Learnexia.Shared.Kernel", "src\Shared\Learnexia.Shared.Kernel\Learnexia.Shared.Kernel.csproj", "{B0000002-0000-0000-0000-000000000002}"
EndProject
Project("{FAE04EC0-301F-11D3-BF4B-00C04F79EFBC}") = "Learnexia.Shared.Contracts", "src\Shared\Learnexia.Shared.Contracts\Learnexia.Shared.Contracts.csproj", "{B0000003-0000-0000-0000-000000000003}"
EndProject
Project("{FAE04EC0-301F-11D3-BF4B-00C04F79EFBC}") = "Learnexia.Shared.Resources", "src\Shared\Learnexia.Shared.Resources\Learnexia.Shared.Resources.csproj", "{B0000004-0000-0000-0000-000000000004}"
EndProject
Project("{FAE04EC0-301F-11D3-BF4B-00C04F79EFBC}") = "Learnexia.Modules.Identity.Domain", "src\Modules\Identity\Learnexia.Modules.Identity.Domain\Learnexia.Modules.Identity.Domain.csproj", "{B0000011-0000-0000-0000-000000000011}"
EndProject
Project("{FAE04EC0-301F-11D3-BF4B-00C04F79EFBC}") = "Learnexia.Modules.Identity.Application", "src\Modules\Identity\Learnexia.Modules.Identity.Application\Learnexia.Modules.Identity.Application.csproj", "{B0000012-0000-0000-0000-000000000012}"
EndProject
Project("{FAE04EC0-301F-11D3-BF4B-00C04F79EFBC}") = "Learnexia.Modules.Identity.Infrastructure", "src\Modules\Identity\Learnexia.Modules.Identity.Infrastructure\Learnexia.Modules.Identity.Infrastructure.csproj", "{B0000013-0000-0000-0000-000000000013}"
EndProject
Project("{FAE04EC0-301F-11D3-BF4B-00C04F79EFBC}") = "Learnexia.Modules.Identity.Api", "src\Modules\Identity\Learnexia.Modules.Identity.Api\Learnexia.Modules.Identity.Api.csproj", "{B0000014-0000-0000-0000-000000000014}"
EndProject
Project("{FAE04EC0-301F-11D3-BF4B-00C04F79EFBC}") = "Learnexia.Modules.Notifications.Domain", "src\Modules\Notifications\Learnexia.Modules.Notifications.Domain\Learnexia.Modules.Notifications.Domain.csproj", "{B0000031-0000-0000-0000-000000000031}"
EndProject
Project("{FAE04EC0-301F-11D3-BF4B-00C04F79EFBC}") = "Learnexia.Modules.Notifications.Application", "src\Modules\Notifications\Learnexia.Modules.Notifications.Application\Learnexia.Modules.Notifications.Application.csproj", "{B0000032-0000-0000-0000-000000000032}"
EndProject
Project("{FAE04EC0-301F-11D3-BF4B-00C04F79EFBC}") = "Learnexia.Modules.Notifications.Infrastructure", "src\Modules\Notifications\Learnexia.Modules.Notifications.Infrastructure\Learnexia.Modules.Notifications.Infrastructure.csproj", "{B0000033-0000-0000-0000-000000000033}"
EndProject
Project("{FAE04EC0-301F-11D3-BF4B-00C04F79EFBC}") = "Learnexia.Modules.Notifications.Api", "src\Modules\Notifications\Learnexia.Modules.Notifications.Api\Learnexia.Modules.Notifications.Api.csproj", "{B0000034-0000-0000-0000-000000000034}"
EndProject
Project("{FAE04EC0-301F-11D3-BF4B-00C04F79EFBC}") = "Learnexia.IntegrationTests", "tests\Learnexia.IntegrationTests\Learnexia.IntegrationTests.csproj", "{D0000001-0000-0000-0000-000000000001}"
EndProject
Project("{FAE04EC0-301F-11D3-BF4B-00C04F79EFBC}") = "Modules.Identity.UnitTests", "tests\Modules.Identity.UnitTests\Modules.Identity.UnitTests.csproj", "{C0000001-0000-0000-0000-000000000001}"
EndProject
Project("{FAE04EC0-301F-11D3-BF4B-00C04F79EFBC}") = "Modules.Notifications.UnitTests", "tests\Modules.Notifications.UnitTests\Modules.Notifications.UnitTests.csproj", "{C0000003-0000-0000-0000-000000000003}"
EndProject
Project("{FAE04EC0-301F-11D3-BF4B-00C04F79EFBC}") = "Modules.Learning.UnitTests", "tests\Modules.Learning.UnitTests\Modules.Learning.UnitTests.csproj", "{C0000004-0000-0000-0000-000000000004}"
EndProject
Project("{2150E333-8FDC-42A3-9474-1A3956D46DE8}") = "Modules", "Modules", "{CA253913-39DE-BFD0-C9A3-4B7EC6FBDF17}"
EndProject
Project("{2150E333-8FDC-42A3-9474-1A3956D46DE8}") = "Learning", "Learning", "{4D712FC7-C5F4-0159-2757-A3B9F391101A}"
EndProject
Project("{FAE04EC0-301F-11D3-BF4B-00C04F79EFBC}") = "Learnexia.Modules.Learning.Domain", "src\Modules\Learning\Learnexia.Modules.Learning.Domain\Learnexia.Modules.Learning.Domain.csproj", "{BCEECF78-2D06-4769-BE1A-9C7DEA68674B}"
EndProject
Project("{FAE04EC0-301F-11D3-BF4B-00C04F79EFBC}") = "Learnexia.Modules.Learning.Application", "src\Modules\Learning\Learnexia.Modules.Learning.Application\Learnexia.Modules.Learning.Application.csproj", "{3CF58AF0-A53D-46E7-BB36-790F5DBEB792}"
EndProject
Project("{FAE04EC0-301F-11D3-BF4B-00C04F79EFBC}") = "Learnexia.Modules.Learning.Infrastructure", "src\Modules\Learning\Learnexia.Modules.Learning.Infrastructure\Learnexia.Modules.Learning.Infrastructure.csproj", "{20D30E12-64E5-4C17-8C9E-8C208F11E37A}"
EndProject
Project("{FAE04EC0-301F-11D3-BF4B-00C04F79EFBC}") = "Learnexia.Modules.Learning.Api", "src\Modules\Learning\Learnexia.Modules.Learning.Api\Learnexia.Modules.Learning.Api.csproj", "{97F0C7D7-5EF4-4136-9425-A58876F4142E}"
EndProject
Project("{2150E333-8FDC-42A3-9474-1A3956D46DE8}") = "Parent", "Parent", "{A0000040-0000-0000-0000-000000000040}"
EndProject
Project("{FAE04EC0-301F-11D3-BF4B-00C04F79EFBC}") = "Learnexia.Modules.Parent.Domain", "src\Modules\Parent\Learnexia.Modules.Parent.Domain\Learnexia.Modules.Parent.Domain.csproj", "{B0000041-0000-0000-0000-000000000041}"
EndProject
Project("{FAE04EC0-301F-11D3-BF4B-00C04F79EFBC}") = "Learnexia.Modules.Parent.Application", "src\Modules\Parent\Learnexia.Modules.Parent.Application\Learnexia.Modules.Parent.Application.csproj", "{B0000042-0000-0000-0000-000000000042}"
EndProject
Project("{FAE04EC0-301F-11D3-BF4B-00C04F79EFBC}") = "Learnexia.Modules.Parent.Infrastructure", "src\Modules\Parent\Learnexia.Modules.Parent.Infrastructure\Learnexia.Modules.Parent.Infrastructure.csproj", "{B0000043-0000-0000-0000-000000000043}"
EndProject
Project("{FAE04EC0-301F-11D3-BF4B-00C04F79EFBC}") = "Learnexia.Modules.Parent.Api", "src\Modules\Parent\Learnexia.Modules.Parent.Api\Learnexia.Modules.Parent.Api.csproj", "{B0000044-0000-0000-0000-000000000044}"
EndProject
Project("{2150E333-8FDC-42A3-9474-1A3956D46DE8}") = "Gamification", "Gamification", "{0C2D1973-9E3C-87F2-D183-4208730B413E}"
EndProject
Project("{2150E333-8FDC-42A3-9474-1A3956D46DE8}") = "Moderation", "Moderation", "{A0000060-0000-0000-0000-000000000060}"
EndProject
Project("{FAE04EC0-301F-11D3-BF4B-00C04F79EFBC}") = "Learnexia.Modules.Gamification.Domain", "src\Modules\Gamification\Learnexia.Modules.Gamification.Domain\Learnexia.Modules.Gamification.Domain.csproj", "{3A9FBDFF-6EE7-4181-9367-6F9383D4CAEB}"
EndProject
Project("{FAE04EC0-301F-11D3-BF4B-00C04F79EFBC}") = "Learnexia.Modules.Gamification.Application", "src\Modules\Gamification\Learnexia.Modules.Gamification.Application\Learnexia.Modules.Gamification.Application.csproj", "{D5557542-F72E-4663-AFE4-D694ECDACA2C}"
EndProject
Project("{FAE04EC0-301F-11D3-BF4B-00C04F79EFBC}") = "Learnexia.Modules.Gamification.Infrastructure", "src\Modules\Gamification\Learnexia.Modules.Gamification.Infrastructure\Learnexia.Modules.Gamification.Infrastructure.csproj", "{053E94C7-A87E-49D5-A39D-B7FE8710E91E}"
EndProject
Project("{FAE04EC0-301F-11D3-BF4B-00C04F79EFBC}") = "Learnexia.Modules.Gamification.Api", "src\Modules\Gamification\Learnexia.Modules.Gamification.Api\Learnexia.Modules.Gamification.Api.csproj", "{3F081E28-7660-4435-8139-382AA5DD0EEB}"
EndProject
Project("{FAE04EC0-301F-11D3-BF4B-00C04F79EFBC}") = "Learnexia.Modules.Moderation.Domain", "src\Modules\Moderation\Learnexia.Modules.Moderation.Domain\Learnexia.Modules.Moderation.Domain.csproj", "{B0000061-0000-0000-0000-000000000061}"
EndProject
Project("{FAE04EC0-301F-11D3-BF4B-00C04F79EFBC}") = "Learnexia.Modules.Moderation.Application", "src\Modules\Moderation\Learnexia.Modules.Moderation.Application\Learnexia.Modules.Moderation.Application.csproj", "{B0000062-0000-0000-0000-000000000062}"
EndProject
Project("{FAE04EC0-301F-11D3-BF4B-00C04F79EFBC}") = "Learnexia.Modules.Moderation.Infrastructure", "src\Modules\Moderation\Learnexia.Modules.Moderation.Infrastructure\Learnexia.Modules.Moderation.Infrastructure.csproj", "{B0000063-0000-0000-0000-000000000063}"
EndProject
Project("{FAE04EC0-301F-11D3-BF4B-00C04F79EFBC}") = "Learnexia.Modules.Moderation.Api", "src\Modules\Moderation\Learnexia.Modules.Moderation.Api\Learnexia.Modules.Moderation.Api.csproj", "{B0000064-0000-0000-0000-000000000064}"
EndProject
Global
	GlobalSection(SolutionConfigurationPlatforms) = preSolution
		Debug|Any CPU = Debug|Any CPU
		Debug|x64 = Debug|x64
		Debug|x86 = Debug|x86
		Release|Any CPU = Release|Any CPU
		Release|x64 = Release|x64
		Release|x86 = Release|x86
	EndGlobalSection
	GlobalSection(ProjectConfigurationPlatforms) = postSolution
		{B0000001-0000-0000-0000-000000000001}.Debug|Any CPU.ActiveCfg = Debug|Any CPU
		{B0000001-0000-0000-0000-000000000001}.Debug|Any CPU.Build.0 = Debug|Any CPU
		{B0000001-0000-0000-0000-000000000001}.Debug|x64.ActiveCfg = Debug|Any CPU
		{B0000001-0000-0000-0000-000000000001}.Debug|x64.Build.0 = Debug|Any CPU
		{B0000001-0000-0000-0000-000000000001}.Debug|x86.ActiveCfg = Debug|Any CPU
		{B0000001-0000-0000-0000-000000000001}.Debug|x86.Build.0 = Debug|Any CPU
		{B0000001-0000-0000-0000-000000000001}.Release|Any CPU.ActiveCfg = Release|Any CPU
		{B0000001-0000-0000-0000-000000000001}.Release|Any CPU.Build.0 = Release|Any CPU
		{B0000001-0000-0000-0000-000000000001}.Release|x64.ActiveCfg = Release|Any CPU
		{B0000001-0000-0000-0000-000000000001}.Release|x64.Build.0 = Release|Any CPU
		{B0000001-0000-0000-0000-000000000001}.Release|x86.ActiveCfg = Release|Any CPU
		{B0000001-0000-0000-0000-000000000001}.Release|x86.Build.0 = Release|Any CPU
		{B0000002-0000-0000-0000-000000000002}.Debug|Any CPU.ActiveCfg = Debug|Any CPU
		{B0000002-0000-0000-0000-000000000002}.Debug|Any CPU.Build.0 = Debug|Any CPU
		{B0000002-0000-0000-0000-000000000002}.Debug|x64.ActiveCfg = Debug|Any CPU
		{B0000002-0000-0000-0000-000000000002}.Debug|x64.Build.0 = Debug|Any CPU
		{B0000002-0000-0000-0000-000000000002}.Debug|x86.ActiveCfg = Debug|Any CPU
		{B0000002-0000-0000-0000-000000000002}.Debug|x86.Build.0 = Debug|Any CPU
		{B0000002-0000-0000-0000-000000000002}.Release|Any CPU.ActiveCfg = Release|Any CPU
		{B0000002-0000-0000-0000-000000000002}.Release|Any CPU.Build.0 = Release|Any CPU
		{B0000002-0000-0000-0000-000000000002}.Release|x64.ActiveCfg = Release|Any CPU
		{B0000002-0000-0000-0000-000000000002}.Release|x64.Build.0 = Release|Any CPU
		{B0000002-0000-0000-0000-000000000002}.Release|x86.ActiveCfg = Release|Any CPU
		{B0000002-0000-0000-0000-000000000002}.Release|x86.Build.0 = Release|Any CPU
		{B0000003-0000-0000-0000-000000000003}.Debug|Any CPU.ActiveCfg = Debug|Any CPU
		{B0000003-0000-0000-0000-000000000003}.Debug|Any CPU.Build.0 = Debug|Any CPU
		{B0000003-0000-0000-0000-000000000003}.Debug|x64.ActiveCfg = Debug|Any CPU
		{B0000003-0000-0000-0000-000000000003}.Debug|x64.Build.0 = Debug|Any CPU
		{B0000003-0000-0000-0000-000000000003}.Debug|x86.ActiveCfg = Debug|Any CPU
		{B0000003-0000-0000-0000-000000000003}.Debug|x86.Build.0 = Debug|Any CPU
		{B0000003-0000-0000-0000-000000000003}.Release|Any CPU.ActiveCfg = Release|Any CPU
		{B0000003-0000-0000-0000-000000000003}.Release|Any CPU.Build.0 = Release|Any CPU
		{B0000003-0000-0000-0000-000000000003}.Release|x64.ActiveCfg = Release|Any CPU
		{B0000003-0000-0000-0000-000000000003}.Release|x64.Build.0 = Release|Any CPU
		{B0000003-0000-0000-0000-000000000003}.Release|x86.ActiveCfg = Release|Any CPU
		{B0000003-0000-0000-0000-000000000003}.Release|x86.Build.0 = Release|Any CPU
		{B0000004-0000-0000-0000-000000000004}.Debug|Any CPU.ActiveCfg = Debug|Any CPU
		{B0000004-0000-0000-0000-000000000004}.Debug|Any CPU.Build.0 = Debug|Any CPU
		{B0000004-0000-0000-0000-000000000004}.Debug|x64.ActiveCfg = Debug|Any CPU
		{B0000004-0000-0000-0000-000000000004}.Debug|x64.Build.0 = Debug|Any CPU
		{B0000004-0000-0000-0000-000000000004}.Debug|x86.ActiveCfg = Debug|Any CPU
		{B0000004-0000-0000-0000-000000000004}.Debug|x86.Build.0 = Debug|Any CPU
		{B0000004-0000-0000-0000-000000000004}.Release|Any CPU.ActiveCfg = Release|Any CPU
		{B0000004-0000-0000-0000-000000000004}.Release|Any CPU.Build.0 = Release|Any CPU
		{B0000004-0000-0000-0000-000000000004}.Release|x64.ActiveCfg = Release|Any CPU
		{B0000004-0000-0000-0000-000000000004}.Release|x64.Build.0 = Release|Any CPU
		{B0000004-0000-0000-0000-000000000004}.Release|x86.ActiveCfg = Release|Any CPU
		{B0000004-0000-0000-0000-000000000004}.Release|x86.Build.0 = Release|Any CPU
		{B0000011-0000-0000-0000-000000000011}.Debug|Any CPU.ActiveCfg = Debug|Any CPU
		{B0000011-0000-0000-0000-000000000011}.Debug|Any CPU.Build.0 = Debug|Any CPU
		{B0000011-0000-0000-0000-000000000011}.Debug|x64.ActiveCfg = Debug|Any CPU
		{B0000011-0000-0000-0000-000000000011}.Debug|x64.Build.0 = Debug|Any CPU
		{B0000011-0000-0000-0000-000000000011}.Debug|x86.ActiveCfg = Debug|Any CPU
		{B0000011-0000-0000-0000-000000000011}.Debug|x86.Build.0 = Debug|Any CPU
		{B0000011-0000-0000-0000-000000000011}.Release|Any CPU.ActiveCfg = Release|Any CPU
		{B0000011-0000-0000-0000-000000000011}.Release|Any CPU.Build.0 = Release|Any CPU
		{B0000011-0000-0000-0000-000000000011}.Release|x64.ActiveCfg = Release|Any CPU
		{B0000011-0000-0000-0000-000000000011}.Release|x64.Build.0 = Release|Any CPU
		{B0000011-0000-0000-0000-000000000011}.Release|x86.ActiveCfg = Release|Any CPU
		{B0000011-0000-0000-0000-000000000011}.Release|x86.Build.0 = Release|Any CPU
		{B0000012-0000-0000-0000-000000000012}.Debug|Any CPU.ActiveCfg = Debug|Any CPU
		{B0000012-0000-0000-0000-000000000012}.Debug|Any CPU.Build.0 = Debug|Any CPU
		{B0000012-0000-0000-0000-000000000012}.Debug|x64.ActiveCfg = Debug|Any CPU
		{B0000012-0000-0000-0000-000000000012}.Debug|x64.Build.0 = Debug|Any CPU
		{B0000012-0000-0000-0000-000000000012}.Debug|x86.ActiveCfg = Debug|Any CPU
		{B0000012-0000-0000-0000-000000000012}.Debug|x86.Build.0 = Debug|Any CPU
		{B0000012-0000-0000-0000-000000000012}.Release|Any CPU.ActiveCfg = Release|Any CPU
		{B0000012-0000-0000-0000-000000000012}.Release|Any CPU.Build.0 = Release|Any CPU
		{B0000012-0000-0000-0000-000000000012}.Release|x64.ActiveCfg = Release|Any CPU
		{B0000012-0000-0000-0000-000000000012}.Release|x64.Build.0 = Release|Any CPU
		{B0000012-0000-0000-0000-000000000012}.Release|x86.ActiveCfg = Release|Any CPU
		{B0000012-0000-0000-0000-000000000012}.Release|x86.Build.0 = Release|Any CPU
		{B0000013-0000-0000-0000-000000000013}.Debug|Any CPU.ActiveCfg = Debug|Any CPU
		{B0000013-0000-0000-0000-000000000013}.Debug|Any CPU.Build.0 = Debug|Any CPU
		{B0000013-0000-0000-0000-000000000013}.Debug|x64.ActiveCfg = Debug|Any CPU
		{B0000013-0000-0000-0000-000000000013}.Debug|x64.Build.0 = Debug|Any CPU
		{B0000013-0000-0000-0000-000000000013}.Debug|x86.ActiveCfg = Debug|Any CPU
		{B0000013-0000-0000-0000-000000000013}.Debug|x86.Build.0 = Debug|Any CPU
		{B0000013-0000-0000-0000-000000000013}.Release|Any CPU.ActiveCfg = Release|Any CPU
		{B0000013-0000-0000-0000-000000000013}.Release|Any CPU.Build.0 = Release|Any CPU
		{B0000013-0000-0000-0000-000000000013}.Release|x64.ActiveCfg = Release|Any CPU
		{B0000013-0000-0000-0000-000000000013}.Release|x64.Build.0 = Release|Any CPU
		{B0000013-0000-0000-0000-000000000013}.Release|x86.ActiveCfg = Release|Any CPU
		{B0000013-0000-0000-0000-000000000013}.Release|x86.Build.0 = Release|Any CPU
		{B0000014-0000-0000-0000-000000000014}.Debug|Any CPU.ActiveCfg = Debug|Any CPU
		{B0000014-0000-0000-0000-000000000014}.Debug|Any CPU.Build.0 = Debug|Any CPU
		{B0000014-0000-0000-0000-000000000014}.Debug|x64.ActiveCfg = Debug|Any CPU
		{B0000014-0000-0000-0000-000000000014}.Debug|x64.Build.0 = Debug|Any CPU
		{B0000014-0000-0000-0000-000000000014}.Debug|x86.ActiveCfg = Debug|Any CPU
		{B0000014-0000-0000-0000-000000000014}.Debug|x86.Build.0 = Debug|Any CPU
		{B0000014-0000-0000-0000-000000000014}.Release|Any CPU.ActiveCfg = Release|Any CPU
		{B0000014-0000-0000-0000-000000000014}.Release|Any CPU.Build.0 = Release|Any CPU
		{B0000014-0000-0000-0000-000000000014}.Release|x64.ActiveCfg = Release|Any CPU
		{B0000014-0000-0000-0000-000000000014}.Release|x64.Build.0 = Release|Any CPU
		{B0000014-0000-0000-0000-000000000014}.Release|x86.ActiveCfg = Release|Any CPU
		{B0000014-0000-0000-0000-000000000014}.Release|x86.Build.0 = Release|Any CPU
		{B0000031-0000-0000-0000-000000000031}.Debug|Any CPU.ActiveCfg = Debug|Any CPU
		{B0000031-0000-0000-0000-000000000031}.Debug|Any CPU.Build.0 = Debug|Any CPU
		{B0000031-0000-0000-0000-000000000031}.Debug|x64.ActiveCfg = Debug|Any CPU
		{B0000031-0000-0000-0000-000000000031}.Debug|x64.Build.0 = Debug|Any CPU
		{B0000031-0000-0000-0000-000000000031}.Debug|x86.ActiveCfg = Debug|Any CPU
		{B0000031-0000-0000-0000-000000000031}.Debug|x86.Build.0 = Debug|Any CPU
		{B0000031-0000-0000-0000-000000000031}.Release|Any CPU.ActiveCfg = Release|Any CPU
		{B0000031-0000-0000-0000-000000000031}.Release|Any CPU.Build.0 = Release|Any CPU
		{B0000031-0000-0000-0000-000000000031}.Release|x64.ActiveCfg = Release|Any CPU
		{B0000031-0000-0000-0000-000000000031}.Release|x64.Build.0 = Release|Any CPU
		{B0000031-0000-0000-0000-000000000031}.Release|x86.ActiveCfg = Release|Any CPU
		{B0000031-0000-0000-0000-000000000031}.Release|x86.Build.0 = Release|Any CPU
		{B0000032-0000-0000-0000-000000000032}.Debug|Any CPU.ActiveCfg = Debug|Any CPU
		{B0000032-0000-0000-0000-000000000032}.Debug|Any CPU.Build.0 = Debug|Any CPU
		{B0000032-0000-0000-0000-000000000032}.Debug|x64.ActiveCfg = Debug|Any CPU
		{B0000032-0000-0000-0000-000000000032}.Debug|x64.Build.0 = Debug|Any CPU
		{B0000032-0000-0000-0000-000000000032}.Debug|x86.ActiveCfg = Debug|Any CPU
		{B0000032-0000-0000-0000-000000000032}.Debug|x86.Build.0 = Debug|Any CPU
		{B0000032-0000-0000-0000-000000000032}.Release|Any CPU.ActiveCfg = Release|Any CPU
		{B0000032-0000-0000-0000-000000000032}.Release|Any CPU.Build.0 = Release|Any CPU
		{B0000032-0000-0000-0000-000000000032}.Release|x64.ActiveCfg = Release|Any CPU
		{B0000032-0000-0000-0000-000000000032}.Release|x64.Build.0 = Release|Any CPU
		{B0000032-0000-0000-0000-000000000032}.Release|x86.ActiveCfg = Release|Any CPU
		{B0000032-0000-0000-0000-000000000032}.Release|x86.Build.0 = Release|Any CPU
		{B0000033-0000-0000-0000-000000000033}.Debug|Any CPU.ActiveCfg = Debug|Any CPU
		{B0000033-0000-0000-0000-000000000033}.Debug|Any CPU.Build.0 = Debug|Any CPU
		{B0000033-0000-0000-0000-000000000033}.Debug|x64.ActiveCfg = Debug|Any CPU
		{B0000033-0000-0000-0000-000000000033}.Debug|x64.Build.0 = Debug|Any CPU
		{B0000033-0000-0000-0000-000000000033}.Debug|x86.ActiveCfg = Debug|Any CPU
		{B0000033-0000-0000-0000-000000000033}.Debug|x86.Build.0 = Debug|Any CPU
		{B0000033-0000-0000-0000-000000000033}.Release|Any CPU.ActiveCfg = Release|Any CPU
		{B0000033-0000-0000-0000-000000000033}.Release|Any CPU.Build.0 = Release|Any CPU
		{B0000033-0000-0000-0000-000000000033}.Release|x64.ActiveCfg = Release|Any CPU
		{B0000033-0000-0000-0000-000000000033}.Release|x64.Build.0 = Release|Any CPU
		{B0000033-0000-0000-0000-000000000033}.Release|x86.ActiveCfg = Release|Any CPU
		{B0000033-0000-0000-0000-000000000033}.Release|x86.Build.0 = Release|Any CPU
		{B0000034-0000-0000-0000-000000000034}.Debug|Any CPU.ActiveCfg = Debug|Any CPU
		{B0000034-0000-0000-0000-000000000034}.Debug|Any CPU.Build.0 = Debug|Any CPU
		{B0000034-0000-0000-0000-000000000034}.Debug|x64.ActiveCfg = Debug|Any CPU
		{B0000034-0000-0000-0000-000000000034}.Debug|x64.Build.0 = Debug|Any CPU
		{B0000034-0000-0000-0000-000000000034}.Debug|x86.ActiveCfg = Debug|Any CPU
		{B0000034-0000-0000-0000-000000000034}.Debug|x86.Build.0 = Debug|Any CPU
		{B0000034-0000-0000-0000-000000000034}.Release|Any CPU.ActiveCfg = Release|Any CPU
		{B0000034-0000-0000-0000-000000000034}.Release|Any CPU.Build.0 = Release|Any CPU
		{B0000034-0000-0000-0000-000000000034}.Release|x64.ActiveCfg = Release|Any CPU
		{B0000034-0000-0000-0000-000000000034}.Release|x64.Build.0 = Release|Any CPU
		{B0000034-0000-0000-0000-000000000034}.Release|x86.ActiveCfg = Release|Any CPU
		{B0000034-0000-0000-0000-000000000034}.Release|x86.Build.0 = Release|Any CPU
		{D0000001-0000-0000-0000-000000000001}.Debug|Any CPU.ActiveCfg = Debug|Any CPU
		{D0000001-0000-0000-0000-000000000001}.Debug|Any CPU.Build.0 = Debug|Any CPU
		{D0000001-0000-0000-0000-000000000001}.Debug|x64.ActiveCfg = Debug|Any CPU
		{D0000001-0000-0000-0000-000000000001}.Debug|x64.Build.0 = Debug|Any CPU
		{D0000001-0000-0000-0000-000000000001}.Debug|x86.ActiveCfg = Debug|Any CPU
		{D0000001-0000-0000-0000-000000000001}.Debug|x86.Build.0 = Debug|Any CPU
		{D0000001-0000-0000-0000-000000000001}.Release|Any CPU.ActiveCfg = Release|Any CPU
		{D0000001-0000-0000-0000-000000000001}.Release|Any CPU.Build.0 = Release|Any CPU
		{D0000001-0000-0000-0000-000000000001}.Release|x64.ActiveCfg = Release|Any CPU
		{D0000001-0000-0000-0000-000000000001}.Release|x64.Build.0 = Release|Any CPU
		{D0000001-0000-0000-0000-000000000001}.Release|x86.ActiveCfg = Release|Any CPU
		{D0000001-0000-0000-0000-000000000001}.Release|x86.Build.0 = Release|Any CPU
		{C0000001-0000-0000-0000-000000000001}.Debug|Any CPU.ActiveCfg = Debug|Any CPU
		{C0000001-0000-0000-0000-000000000001}.Debug|Any CPU.Build.0 = Debug|Any CPU
		{C0000001-0000-0000-0000-000000000001}.Debug|x64.ActiveCfg = Debug|Any CPU
		{C0000001-0000-0000-0000-000000000001}.Debug|x64.Build.0 = Debug|Any CPU
		{C0000001-0000-0000-0000-000000000001}.Debug|x86.ActiveCfg = Debug|Any CPU
		{C0000001-0000-0000-0000-000000000001}.Debug|x86.Build.0 = Debug|Any CPU
		{C0000001-0000-0000-0000-000000000001}.Release|Any CPU.ActiveCfg = Release|Any CPU
		{C0000001-0000-0000-0000-000000000001}.Release|Any CPU.Build.0 = Release|Any CPU
		{C0000001-0000-0000-0000-000000000001}.Release|x64.ActiveCfg = Release|Any CPU
		{C0000001-0000-0000-0000-000000000001}.Release|x64.Build.0 = Release|Any CPU
		{C0000001-0000-0000-0000-000000000001}.Release|x86.ActiveCfg = Release|Any CPU
		{C0000001-0000-0000-0000-000000000001}.Release|x86.Build.0 = Release|Any CPU
		{C0000003-0000-0000-0000-000000000003}.Debug|Any CPU.ActiveCfg = Debug|Any CPU
		{C0000003-0000-0000-0000-000000000003}.Debug|Any CPU.Build.0 = Debug|Any CPU
		{C0000003-0000-0000-0000-000000000003}.Debug|x64.ActiveCfg = Debug|Any CPU
		{C0000003-0000-0000-0000-000000000003}.Debug|x64.Build.0 = Debug|Any CPU
		{C0000003-0000-0000-0000-000000000003}.Debug|x86.ActiveCfg = Debug|Any CPU
		{C0000003-0000-0000-0000-000000000003}.Debug|x86.Build.0 = Debug|Any CPU
		{C0000003-0000-0000-0000-000000000003}.Release|Any CPU.ActiveCfg = Release|Any CPU
		{C0000003-0000-0000-0000-000000000003}.Release|Any CPU.Build.0 = Release|Any CPU
		{C0000003-0000-0000-0000-000000000003}.Release|x64.ActiveCfg = Release|Any CPU
		{C0000003-0000-0000-0000-000000000003}.Release|x64.Build.0 = Release|Any CPU
		{C0000003-0000-0000-0000-000000000003}.Release|x86.ActiveCfg = Release|Any CPU
		{C0000003-0000-0000-0000-000000000003}.Release|x86.Build.0 = Release|Any CPU
		{C0000004-0000-0000-0000-000000000004}.Debug|Any CPU.ActiveCfg = Debug|Any CPU
		{C0000004-0000-0000-0000-000000000004}.Debug|Any CPU.Build.0 = Debug|Any CPU
		{C0000004-0000-0000-0000-000000000004}.Debug|x64.ActiveCfg = Debug|Any CPU
		{C0000004-0000-0000-0000-000000000004}.Debug|x64.Build.0 = Debug|Any CPU
		{C0000004-0000-0000-0000-000000000004}.Debug|x86.ActiveCfg = Debug|Any CPU
		{C0000004-0000-0000-0000-000000000004}.Debug|x86.Build.0 = Debug|Any CPU
		{C0000004-0000-0000-0000-000000000004}.Release|Any CPU.ActiveCfg = Release|Any CPU
		{C0000004-0000-0000-0000-000000000004}.Release|Any CPU.Build.0 = Release|Any CPU
		{C0000004-0000-0000-0000-000000000004}.Release|x64.ActiveCfg = Release|Any CPU
		{C0000004-0000-0000-0000-000000000004}.Release|x64.Build.0 = Release|Any CPU
		{C0000004-0000-0000-0000-000000000004}.Release|x86.ActiveCfg = Release|Any CPU
		{C0000004-0000-0000-0000-000000000004}.Release|x86.Build.0 = Release|Any CPU
		{BCEECF78-2D06-4769-BE1A-9C7DEA68674B}.Debug|Any CPU.ActiveCfg = Debug|Any CPU
		{BCEECF78-2D06-4769-BE1A-9C7DEA68674B}.Debug|Any CPU.Build.0 = Debug|Any CPU
		{BCEECF78-2D06-4769-BE1A-9C7DEA68674B}.Debug|x64.ActiveCfg = Debug|Any CPU
		{BCEECF78-2D06-4769-BE1A-9C7DEA68674B}.Debug|x64.Build.0 = Debug|Any CPU
		{BCEECF78-2D06-4769-BE1A-9C7DEA68674B}.Debug|x86.ActiveCfg = Debug|Any CPU
		{BCEECF78-2D06-4769-BE1A-9C7DEA68674B}.Debug|x86.Build.0 = Debug|Any CPU
		{BCEECF78-2D06-4769-BE1A-9C7DEA68674B}.Release|Any CPU.ActiveCfg = Release|Any CPU
		{BCEECF78-2D06-4769-BE1A-9C7DEA68674B}.Release|Any CPU.Build.0 = Release|Any CPU
		{BCEECF78-2D06-4769-BE1A-9C7DEA68674B}.Release|x64.ActiveCfg = Release|Any CPU
		{BCEECF78-2D06-4769-BE1A-9C7DEA68674B}.Release|x64.Build.0 = Release|Any CPU
		{BCEECF78-2D06-4769-BE1A-9C7DEA68674B}.Release|x86.ActiveCfg = Release|Any CPU
		{BCEECF78-2D06-4769-BE1A-9C7DEA68674B}.Release|x86.Build.0 = Release|Any CPU
		{3CF58AF0-A53D-46E7-BB36-790F5DBEB792}.Debug|Any CPU.ActiveCfg = Debug|Any CPU
		{3CF58AF0-A53D-46E7-BB36-790F5DBEB792}.Debug|Any CPU.Build.0 = Debug|Any CPU
		{3CF58AF0-A53D-46E7-BB36-790F5DBEB792}.Debug|x64.ActiveCfg = Debug|Any CPU
		{3CF58AF0-A53D-46E7-BB36-790F5DBEB792}.Debug|x64.Build.0 = Debug|Any CPU
		{3CF58AF0-A53D-46E7-BB36-790F5DBEB792}.Debug|x86.ActiveCfg = Debug|Any CPU
		{3CF58AF0-A53D-46E7-BB36-790F5DBEB792}.Debug|x86.Build.0 = Debug|Any CPU
		{3CF58AF0-A53D-46E7-BB36-790F5DBEB792}.Release|Any CPU.ActiveCfg = Release|Any CPU
		{3CF58AF0-A53D-46E7-BB36-790F5DBEB792}.Release|Any CPU.Build.0 = Release|Any CPU
		{3CF58AF0-A53D-46E7-BB36-790F5DBEB792}.Release|x64.ActiveCfg = Release|Any CPU
		{3CF58AF0-A53D-46E7-BB36-790F5DBEB792}.Release|x64.Build.0 = Release|Any CPU
		{3CF58AF0-A53D-46E7-BB36-790F5DBEB792}.Release|x86.ActiveCfg = Release|Any CPU
		{3CF58AF0-A53D-46E7-BB36-790F5DBEB792}.Release|x86.Build.0 = Release|Any CPU
		{20D30E12-64E5-4C17-8C9E-8C208F11E37A}.Debug|Any CPU.ActiveCfg = Debug|Any CPU
		{20D30E12-64E5-4C17-8C9E-8C208F11E37A}.Debug|Any CPU.Build.0 = Debug|Any CPU
		{20D30E12-64E5-4C17-8C9E-8C208F11E37A}.Debug|x64.ActiveCfg = Debug|Any CPU
		{20D30E12-64E5-4C17-8C9E-8C208F11E37A}.Debug|x64.Build.0 = Debug|Any CPU
		{20D30E12-64E5-4C17-8C9E-8C208F11E37A}.Debug|x86.ActiveCfg = Debug|Any CPU
		{20D30E12-64E5-4C17-8C9E-8C208F11E37A}.Debug|x86.Build.0 = Debug|Any CPU
		{20D30E12-64E5-4C17-8C9E-8C208F11E37A}.Release|Any CPU.ActiveCfg = Release|Any CPU
		{20D30E12-64E5-4C17-8C9E-8C208F11E37A}.Release|Any CPU.Build.0 = Release|Any CPU
		{20D30E12-64E5-4C17-8C9E-8C208F11E37A}.Release|x64.ActiveCfg = Release|Any CPU
		{20D30E12-64E5-4C17-8C9E-8C208F11E37A}.Release|x64.Build.0 = Release|Any CPU
		{20D30E12-64E5-4C17-8C9E-8C208F11E37A}.Release|x86.ActiveCfg = Release|Any CPU
		{20D30E12-64E5-4C17-8C9E-8C208F11E37A}.Release|x86.Build.0 = Release|Any CPU
		{97F0C7D7-5EF4-4136-9425-A58876F4142E}.Debug|Any CPU.ActiveCfg = Debug|Any CPU
		{97F0C7D7-5EF4-4136-9425-A58876F4142E}.Debug|Any CPU.Build.0 = Debug|Any CPU
		{97F0C7D7-5EF4-4136-9425-A58876F4142E}.Debug|x64.ActiveCfg = Debug|Any CPU
		{97F0C7D7-5EF4-4136-9425-A58876F4142E}.Debug|x64.Build.0 = Debug|Any CPU
		{97F0C7D7-5EF4-4136-9425-A58876F4142E}.Debug|x86.ActiveCfg = Debug|Any CPU
		{97F0C7D7-5EF4-4136-9425-A58876F4142E}.Debug|x86.Build.0 = Debug|Any CPU
		{97F0C7D7-5EF4-4136-9425-A58876F4142E}.Release|Any CPU.ActiveCfg = Release|Any CPU
		{97F0C7D7-5EF4-4136-9425-A58876F4142E}.Release|Any CPU.Build.0 = Release|Any CPU
		{97F0C7D7-5EF4-4136-9425-A58876F4142E}.Release|x64.ActiveCfg = Release|Any CPU
		{97F0C7D7-5EF4-4136-9425-A58876F4142E}.Release|x64.Build.0 = Release|Any CPU
		{97F0C7D7-5EF4-4136-9425-A58876F4142E}.Release|x86.ActiveCfg = Release|Any CPU
		{97F0C7D7-5EF4-4136-9425-A58876F4142E}.Release|x86.Build.0 = Release|Any CPU
		{B0000041-0000-0000-0000-000000000041}.Debug|Any CPU.ActiveCfg = Debug|Any CPU
		{B0000041-0000-0000-0000-000000000041}.Debug|Any CPU.Build.0 = Debug|Any CPU
		{B0000041-0000-0000-0000-000000000041}.Debug|x64.ActiveCfg = Debug|Any CPU
		{B0000041-0000-0000-0000-000000000041}.Debug|x64.Build.0 = Debug|Any CPU
		{B0000041-0000-0000-0000-000000000041}.Debug|x86.ActiveCfg = Debug|Any CPU
		{B0000041-0000-0000-0000-000000000041}.Debug|x86.Build.0 = Debug|Any CPU
		{B0000041-0000-0000-0000-000000000041}.Release|Any CPU.ActiveCfg = Release|Any CPU
		{B0000041-0000-0000-0000-000000000041}.Release|Any CPU.Build.0 = Release|Any CPU
		{B0000041-0000-0000-0000-000000000041}.Release|x64.ActiveCfg = Release|Any CPU
		{B0000041-0000-0000-0000-000000000041}.Release|x64.Build.0 = Release|Any CPU
		{B0000041-0000-0000-0000-000000000041}.Release|x86.ActiveCfg = Release|Any CPU
		{B0000041-0000-0000-0000-000000000041}.Release|x86.Build.0 = Release|Any CPU
		{B0000042-0000-0000-0000-000000000042}.Debug|Any CPU.ActiveCfg = Debug|Any CPU
		{B0000042-0000-0000-0000-000000000042}.Debug|Any CPU.Build.0 = Debug|Any CPU
		{B0000042-0000-0000-0000-000000000042}.Debug|x64.ActiveCfg = Debug|Any CPU
		{B0000042-0000-0000-0000-000000000042}.Debug|x64.Build.0 = Debug|Any CPU
		{B0000042-0000-0000-0000-000000000042}.Debug|x86.ActiveCfg = Debug|Any CPU
		{B0000042-0000-0000-0000-000000000042}.Debug|x86.Build.0 = Debug|Any CPU
		{B0000042-0000-0000-0000-000000000042}.Release|Any CPU.ActiveCfg = Release|Any CPU
		{B0000042-0000-0000-0000-000000000042}.Release|Any CPU.Build.0 = Release|Any CPU
		{B0000042-0000-0000-0000-000000000042}.Release|x64.ActiveCfg = Release|Any CPU
		{B0000042-0000-0000-0000-000000000042}.Release|x64.Build.0 = Release|Any CPU
		{B0000042-0000-0000-0000-000000000042}.Release|x86.ActiveCfg = Release|Any CPU
		{B0000042-0000-0000-0000-000000000042}.Release|x86.Build.0 = Release|Any CPU
		{B0000043-0000-0000-0000-000000000043}.Debug|Any CPU.ActiveCfg = Debug|Any CPU
		{B0000043-0000-0000-0000-000000000043}.Debug|Any CPU.Build.0 = Debug|Any CPU
		{B0000043-0000-0000-0000-000000000043}.Debug|x64.ActiveCfg = Debug|Any CPU
		{B0000043-0000-0000-0000-000000000043}.Debug|x64.Build.0 = Debug|Any CPU
		{B0000043-0000-0000-0000-000000000043}.Debug|x86.ActiveCfg = Debug|Any CPU
		{B0000043-0000-0000-0000-000000000043}.Debug|x86.Build.0 = Debug|Any CPU
		{B0000043-0000-0000-0000-000000000043}.Release|Any CPU.ActiveCfg = Release|Any CPU
		{B0000043-0000-0000-0000-000000000043}.Release|Any CPU.Build.0 = Release|Any CPU
		{B0000043-0000-0000-0000-000000000043}.Release|x64.ActiveCfg = Release|Any CPU
		{B0000043-0000-0000-0000-000000000043}.Release|x64.Build.0 = Release|Any CPU
		{B0000043-0000-0000-0000-000000000043}.Release|x86.ActiveCfg = Release|Any CPU
		{B0000043-0000-0000-0000-000000000043}.Release|x86.Build.0 = Release|Any CPU
		{B0000044-0000-0000-0000-000000000044}.Debug|Any CPU.ActiveCfg = Debug|Any CPU
		{B0000044-0000-0000-0000-000000000044}.Debug|Any CPU.Build.0 = Debug|Any CPU
		{B0000044-0000-0000-0000-000000000044}.Debug|x64.ActiveCfg = Debug|Any CPU
		{B0000044-0000-0000-0000-000000000044}.Debug|x64.Build.0 = Debug|Any CPU
		{B0000044-0000-0000-0000-000000000044}.Debug|x86.ActiveCfg = Debug|Any CPU
		{B0000044-0000-0000-0000-000000000044}.Debug|x86.Build.0 = Debug|Any CPU
		{B0000044-0000-0000-0000-000000000044}.Release|Any CPU.ActiveCfg = Release|Any CPU
		{B0000044-0000-0000-0000-000000000044}.Release|Any CPU.Build.0 = Release|Any CPU
		{B0000044-0000-0000-0000-000000000044}.Release|x64.ActiveCfg = Release|Any CPU
		{B0000044-0000-0000-0000-000000000044}.Release|x64.Build.0 = Release|Any CPU
		{B0000044-0000-0000-0000-000000000044}.Release|x86.ActiveCfg = Release|Any CPU
		{B0000044-0000-0000-0000-000000000044}.Release|x86.Build.0 = Release|Any CPU
		{3A9FBDFF-6EE7-4181-9367-6F9383D4CAEB}.Debug|Any CPU.ActiveCfg = Debug|Any CPU
		{3A9FBDFF-6EE7-4181-9367-6F9383D4CAEB}.Debug|Any CPU.Build.0 = Debug|Any CPU
		{3A9FBDFF-6EE7-4181-9367-6F9383D4CAEB}.Debug|x64.ActiveCfg = Debug|Any CPU
		{3A9FBDFF-6EE7-4181-9367-6F9383D4CAEB}.Debug|x64.Build.0 = Debug|Any CPU
		{3A9FBDFF-6EE7-4181-9367-6F9383D4CAEB}.Debug|x86.ActiveCfg = Debug|Any CPU
		{3A9FBDFF-6EE7-4181-9367-6F9383D4CAEB}.Debug|x86.Build.0 = Debug|Any CPU
		{3A9FBDFF-6EE7-4181-9367-6F9383D4CAEB}.Release|Any CPU.ActiveCfg = Release|Any CPU
		{3A9FBDFF-6EE7-4181-9367-6F9383D4CAEB}.Release|Any CPU.Build.0 = Release|Any CPU
		{3A9FBDFF-6EE7-4181-9367-6F9383D4CAEB}.Release|x64.ActiveCfg = Release|Any CPU
		{3A9FBDFF-6EE7-4181-9367-6F9383D4CAEB}.Release|x64.Build.0 = Release|Any CPU
		{3A9FBDFF-6EE7-4181-9367-6F9383D4CAEB}.Release|x86.ActiveCfg = Release|Any CPU
		{3A9FBDFF-6EE7-4181-9367-6F9383D4CAEB}.Release|x86.Build.0 = Release|Any CPU
		{D5557542-F72E-4663-AFE4-D694ECDACA2C}.Debug|Any CPU.ActiveCfg = Debug|Any CPU
		{D5557542-F72E-4663-AFE4-D694ECDACA2C}.Debug|Any CPU.Build.0 = Debug|Any CPU
		{D5557542-F72E-4663-AFE4-D694ECDACA2C}.Debug|x64.ActiveCfg = Debug|Any CPU
		{D5557542-F72E-4663-AFE4-D694ECDACA2C}.Debug|x64.Build.0 = Debug|Any CPU
		{D5557542-F72E-4663-AFE4-D694ECDACA2C}.Debug|x86.ActiveCfg = Debug|Any CPU
		{D5557542-F72E-4663-AFE4-D694ECDACA2C}.Debug|x86.Build.0 = Debug|Any CPU
		{D5557542-F72E-4663-AFE4-D694ECDACA2C}.Release|Any CPU.ActiveCfg = Release|Any CPU
		{D5557542-F72E-4663-AFE4-D694ECDACA2C}.Release|Any CPU.Build.0 = Release|Any CPU
		{D5557542-F72E-4663-AFE4-D694ECDACA2C}.Release|x64.ActiveCfg = Release|Any CPU
		{D5557542-F72E-4663-AFE4-D694ECDACA2C}.Release|x64.Build.0 = Release|Any CPU
		{D5557542-F72E-4663-AFE4-D694ECDACA2C}.Release|x86.ActiveCfg = Release|Any CPU
		{D5557542-F72E-4663-AFE4-D694ECDACA2C}.Release|x86.Build.0 = Release|Any CPU
		{053E94C7-A87E-49D5-A39D-B7FE8710E91E}.Debug|Any CPU.ActiveCfg = Debug|Any CPU
		{053E94C7-A87E-49D5-A39D-B7FE8710E91E}.Debug|Any CPU.Build.0 = Debug|Any CPU
		{053E94C7-A87E-49D5-A39D-B7FE8710E91E}.Debug|x64.ActiveCfg = Debug|Any CPU
		{053E94C7-A87E-49D5-A39D-B7FE8710E91E}.Debug|x64.Build.0 = Debug|Any CPU
		{053E94C7-A87E-49D5-A39D-B7FE8710E91E}.Debug|x86.ActiveCfg = Debug|Any CPU
		{053E94C7-A87E-49D5-A39D-B7FE8710E91E}.Debug|x86.Build.0 = Debug|Any CPU
		{053E94C7-A87E-49D5-A39D-B7FE8710E91E}.Release|Any CPU.ActiveCfg = Release|Any CPU
		{053E94C7-A87E-49D5-A39D-B7FE8710E91E}.Release|Any CPU.Build.0 = Release|Any CPU
		{053E94C7-A87E-49D5-A39D-B7FE8710E91E}.Release|x64.ActiveCfg = Release|Any CPU
		{053E94C7-A87E-49D5-A39D-B7FE8710E91E}.Release|x64.Build.0 = Release|Any CPU
		{053E94C7-A87E-49D5-A39D-B7FE8710E91E}.Release|x86.ActiveCfg = Release|Any CPU
		{053E94C7-A87E-49D5-A39D-B7FE8710E91E}.Release|x86.Build.0 = Release|Any CPU
		{3F081E28-7660-4435-8139-382AA5DD0EEB}.Debug|Any CPU.ActiveCfg = Debug|Any CPU
		{3F081E28-7660-4435-8139-382AA5DD0EEB}.Debug|Any CPU.Build.0 = Debug|Any CPU
		{3F081E28-7660-4435-8139-382AA5DD0EEB}.Debug|x64.ActiveCfg = Debug|Any CPU
		{3F081E28-7660-4435-8139-382AA5DD0EEB}.Debug|x64.Build.0 = Debug|Any CPU
		{3F081E28-7660-4435-8139-382AA5DD0EEB}.Debug|x86.ActiveCfg = Debug|Any CPU
		{3F081E28-7660-4435-8139-382AA5DD0EEB}.Debug|x86.Build.0 = Debug|Any CPU
		{3F081E28-7660-4435-8139-382AA5DD0EEB}.Release|Any CPU.ActiveCfg = Release|Any CPU
		{3F081E28-7660-4435-8139-382AA5DD0EEB}.Release|Any CPU.Build.0 = Release|Any CPU
		{3F081E28-7660-4435-8139-382AA5DD0EEB}.Release|x64.ActiveCfg = Release|Any CPU
		{3F081E28-7660-4435-8139-382AA5DD0EEB}.Release|x64.Build.0 = Release|Any CPU
		{3F081E28-7660-4435-8139-382AA5DD0EEB}.Release|x86.ActiveCfg = Release|Any CPU
		{3F081E28-7660-4435-8139-382AA5DD0EEB}.Release|x86.Build.0 = Release|Any CPU
		{B0000061-0000-0000-0000-000000000061}.Debug|Any CPU.ActiveCfg = Debug|Any CPU
		{B0000061-0000-0000-0000-000000000061}.Debug|Any CPU.Build.0 = Debug|Any CPU
		{B0000061-0000-0000-0000-000000000061}.Debug|x64.ActiveCfg = Debug|Any CPU
		{B0000061-0000-0000-0000-000000000061}.Debug|x64.Build.0 = Debug|Any CPU
		{B0000061-0000-0000-0000-000000000061}.Debug|x86.ActiveCfg = Debug|Any CPU
		{B0000061-0000-0000-0000-000000000061}.Debug|x86.Build.0 = Debug|Any CPU
		{B0000061-0000-0000-0000-000000000061}.Release|Any CPU.ActiveCfg = Release|Any CPU
		{B0000061-0000-0000-0000-000000000061}.Release|Any CPU.Build.0 = Release|Any CPU
		{B0000061-0000-0000-0000-000000000061}.Release|x64.ActiveCfg = Release|Any CPU
		{B0000061-0000-0000-0000-000000000061}.Release|x64.Build.0 = Release|Any CPU
		{B0000061-0000-0000-0000-000000000061}.Release|x86.ActiveCfg = Release|Any CPU
		{B0000061-0000-0000-0000-000000000061}.Release|x86.Build.0 = Release|Any CPU
		{B0000062-0000-0000-0000-000000000062}.Debug|Any CPU.ActiveCfg = Debug|Any CPU
		{B0000062-0000-0000-0000-000000000062}.Debug|Any CPU.Build.0 = Debug|Any CPU
		{B0000062-0000-0000-0000-000000000062}.Debug|x64.ActiveCfg = Debug|Any CPU
		{B0000062-0000-0000-0000-000000000062}.Debug|x64.Build.0 = Debug|Any CPU
		{B0000062-0000-0000-0000-000000000062}.Debug|x86.ActiveCfg = Debug|Any CPU
		{B0000062-0000-0000-0000-000000000062}.Debug|x86.Build.0 = Debug|Any CPU
		{B0000062-0000-0000-0000-000000000062}.Release|Any CPU.ActiveCfg = Release|Any CPU
		{B0000062-0000-0000-0000-000000000062}.Release|Any CPU.Build.0 = Release|Any CPU
		{B0000062-0000-0000-0000-000000000062}.Release|x64.ActiveCfg = Release|Any CPU
		{B0000062-0000-0000-0000-000000000062}.Release|x64.Build.0 = Release|Any CPU
		{B0000062-0000-0000-0000-000000000062}.Release|x86.ActiveCfg = Release|Any CPU
		{B0000062-0000-0000-0000-000000000062}.Release|x86.Build.0 = Release|Any CPU
		{B0000063-0000-0000-0000-000000000063}.Debug|Any CPU.ActiveCfg = Debug|Any CPU
		{B0000063-0000-0000-0000-000000000063}.Debug|Any CPU.Build.0 = Debug|Any CPU
		{B0000063-0000-0000-0000-000000000063}.Debug|x64.ActiveCfg = Debug|Any CPU
		{B0000063-0000-0000-0000-000000000063}.Debug|x64.Build.0 = Debug|Any CPU
		{B0000063-0000-0000-0000-000000000063}.Debug|x86.ActiveCfg = Debug|Any CPU
		{B0000063-0000-0000-0000-000000000063}.Debug|x86.Build.0 = Debug|Any CPU
		{B0000063-0000-0000-0000-000000000063}.Release|Any CPU.ActiveCfg = Release|Any CPU
		{B0000063-0000-0000-0000-000000000063}.Release|Any CPU.Build.0 = Release|Any CPU
		{B0000063-0000-0000-0000-000000000063}.Release|x64.ActiveCfg = Release|Any CPU
		{B0000063-0000-0000-0000-000000000063}.Release|x64.Build.0 = Release|Any CPU
		{B0000063-0000-0000-0000-000000000063}.Release|x86.ActiveCfg = Release|Any CPU
		{B0000063-0000-0000-0000-000000000063}.Release|x86.Build.0 = Release|Any CPU
		{B0000064-0000-0000-0000-000000000064}.Debug|Any CPU.ActiveCfg = Debug|Any CPU
		{B0000064-0000-0000-0000-000000000064}.Debug|Any CPU.Build.0 = Debug|Any CPU
		{B0000064-0000-0000-0000-000000000064}.Debug|x64.ActiveCfg = Debug|Any CPU
		{B0000064-0000-0000-0000-000000000064}.Debug|x64.Build.0 = Debug|Any CPU
		{B0000064-0000-0000-0000-000000000064}.Debug|x86.ActiveCfg = Debug|Any CPU
		{B0000064-0000-0000-0000-000000000064}.Debug|x86.Build.0 = Debug|Any CPU
		{B0000064-0000-0000-0000-000000000064}.Release|Any CPU.ActiveCfg = Release|Any CPU
		{B0000064-0000-0000-0000-000000000064}.Release|Any CPU.Build.0 = Release|Any CPU
		{B0000064-0000-0000-0000-000000000064}.Release|x64.ActiveCfg = Release|Any CPU
		{B0000064-0000-0000-0000-000000000064}.Release|x64.Build.0 = Release|Any CPU
		{B0000064-0000-0000-0000-000000000064}.Release|x86.ActiveCfg = Release|Any CPU
		{B0000064-0000-0000-0000-000000000064}.Release|x86.Build.0 = Release|Any CPU
	EndGlobalSection
	GlobalSection(SolutionProperties) = preSolution
		HideSolutionNode = FALSE
	EndGlobalSection
	GlobalSection(NestedProjects) = preSolution
		{A0000002-0000-0000-0000-000000000002} = {A0000001-0000-0000-0000-000000000001}
		{A0000003-0000-0000-0000-000000000003} = {A0000001-0000-0000-0000-000000000001}
		{A0000004-0000-0000-0000-000000000004} = {A0000001-0000-0000-0000-000000000001}
		{A0000010-0000-0000-0000-000000000010} = {A0000003-0000-0000-0000-000000000003}
		{A0000030-0000-0000-0000-000000000030} = {A0000003-0000-0000-0000-000000000003}
		{B0000001-0000-0000-0000-000000000001} = {A0000002-0000-0000-0000-000000000002}
		{B0000002-0000-0000-0000-000000000002} = {A0000004-0000-0000-0000-000000000004}
		{B0000003-0000-0000-0000-000000000003} = {A0000004-0000-0000-0000-000000000004}
		{B0000004-0000-0000-0000-000000000004} = {A0000004-0000-0000-0000-000000000004}
		{B0000011-0000-0000-0000-000000000011} = {A0000010-0000-0000-0000-000000000010}
		{B0000012-0000-0000-0000-000000000012} = {A0000010-0000-0000-0000-000000000010}
		{B0000013-0000-0000-0000-000000000013} = {A0000010-0000-0000-0000-000000000010}
		{B0000014-0000-0000-0000-000000000014} = {A0000010-0000-0000-0000-000000000010}
		{B0000031-0000-0000-0000-000000000031} = {A0000030-0000-0000-0000-000000000030}
		{B0000032-0000-0000-0000-000000000032} = {A0000030-0000-0000-0000-000000000030}
		{B0000033-0000-0000-0000-000000000033} = {A0000030-0000-0000-0000-000000000030}
		{B0000034-0000-0000-0000-000000000034} = {A0000030-0000-0000-0000-000000000030}
		{D0000001-0000-0000-0000-000000000001} = {A0000005-0000-0000-0000-000000000005}
		{C0000001-0000-0000-0000-000000000001} = {A0000005-0000-0000-0000-000000000005}
		{C0000003-0000-0000-0000-000000000003} = {A0000005-0000-0000-0000-000000000005}
		{C0000004-0000-0000-0000-000000000004} = {A0000005-0000-0000-0000-000000000005}
		{4D712FC7-C5F4-0159-2757-A3B9F391101A} = {CA253913-39DE-BFD0-C9A3-4B7EC6FBDF17}
		{BCEECF78-2D06-4769-BE1A-9C7DEA68674B} = {4D712FC7-C5F4-0159-2757-A3B9F391101A}
		{3CF58AF0-A53D-46E7-BB36-790F5DBEB792} = {4D712FC7-C5F4-0159-2757-A3B9F391101A}
		{20D30E12-64E5-4C17-8C9E-8C208F11E37A} = {4D712FC7-C5F4-0159-2757-A3B9F391101A}
		{97F0C7D7-5EF4-4136-9425-A58876F4142E} = {4D712FC7-C5F4-0159-2757-A3B9F391101A}
		{A0000040-0000-0000-0000-000000000040} = {CA253913-39DE-BFD0-C9A3-4B7EC6FBDF17}
		{B0000041-0000-0000-0000-000000000041} = {A0000040-0000-0000-0000-000000000040}
		{B0000042-0000-0000-0000-000000000042} = {A0000040-0000-0000-0000-000000000040}
		{B0000043-0000-0000-0000-000000000043} = {A0000040-0000-0000-0000-000000000040}
		{B0000044-0000-0000-0000-000000000044} = {A0000040-0000-0000-0000-000000000040}
		{0C2D1973-9E3C-87F2-D183-4208730B413E} = {CA253913-39DE-BFD0-C9A3-4B7EC6FBDF17}
		{3A9FBDFF-6EE7-4181-9367-6F9383D4CAEB} = {0C2D1973-9E3C-87F2-D183-4208730B413E}
		{D5557542-F72E-4663-AFE4-D694ECDACA2C} = {0C2D1973-9E3C-87F2-D183-4208730B413E}
		{053E94C7-A87E-49D5-A39D-B7FE8710E91E} = {0C2D1973-9E3C-87F2-D183-4208730B413E}
		{3F081E28-7660-4435-8139-382AA5DD0EEB} = {0C2D1973-9E3C-87F2-D183-4208730B413E}
		{A0000060-0000-0000-0000-000000000060} = {CA253913-39DE-BFD0-C9A3-4B7EC6FBDF17}
		{B0000061-0000-0000-0000-000000000061} = {A0000060-0000-0000-0000-000000000060}
		{B0000062-0000-0000-0000-000000000062} = {A0000060-0000-0000-0000-000000000060}
		{B0000063-0000-0000-0000-000000000063} = {A0000060-0000-0000-0000-000000000060}
		{B0000064-0000-0000-0000-000000000064} = {A0000060-0000-0000-0000-000000000060}
	EndGlobalSection
EndGlobal
